// !$*UTF8*$!
{
	archiveVersion = 1;
	classes = {
	};
	objectVersion = 46;
	objects = {

/* Begin PBXBuildFile section */
		261F3AE05DDA692972E30B30 /* libPods-AMError-iOSTests2.a in Frameworks */ = {isa = PBXBuildFile; fileRef = 6D713020C03343C939E04890 /* libPods-AMError-iOSTests2.a */; };
		27ECEAA8FE9BFF6C2C6CC50A /* libPods-AMError-MacTests.a in Frameworks */ = {isa = PBXBuildFile; fileRef = 3EFAE33F8F4A5CB916B20B63 /* libPods-AMError-MacTests.a */; };
		35383DF71DAF097800F2A68D /* framework.xcconfig in Resources */ = {isa = PBXBuildFile; fileRef = 35383DF61DAF097800F2A68D /* framework.xcconfig */; };
		3592AD1B1D9F20B20024E326 /* AMError.m in Sources */ = {isa = PBXBuildFile; fileRef = B36389FF17E2376800F2BBE4 /* AMError.m */; };
		3592AD1C1D9F20BB0024E326 /* AMError.h in Headers */ = {isa = PBXBuildFile; fileRef = B36389FD17E2376800F2BBE4 /* AMError.h */; settings = {ATTRIBUTES = (Public, ); }; };
		382A1A123C0CF6A178ABC757 /* libPods-AMError-iOSTests.a in Frameworks */ = {isa = PBXBuildFile; fileRef = E90DAB55E5820744F4B1469C /* libPods-AMError-iOSTests.a */; };
		B31017501C973E9D007E00DC /* libAMError-Mac.a in Frameworks */ = {isa = PBXBuildFile; fileRef = B36389A017E2373A00F2BBE4 /* libAMError-Mac.a */; };
		B31017561C973EBF007E00DC /* Errors.strings in Resources */ = {isa = PBXBuildFile; fileRef = B3EAE3C317FB9C280052DF1E /* Errors.strings */; };
		B31017571C973EC6007E00DC /* AMErrorSpec.m in Sources */ = {isa = PBXBuildFile; fileRef = B328D17E17E23EE200D0DBCB /* AMErrorSpec.m */; };
		B31017581C973ECA007E00DC /* co.amrox.amerror.strings in Resources */ = {isa = PBXBuildFile; fileRef = B327D7211C9738AD0015619A /* co.amrox.amerror.strings */; };
		B327D72B1C973B750015619A /* libAMError-iOS.a in Frameworks */ = {isa = PBXBuildFile; fileRef = B36389CE17E2375400F2BBE4 /* libAMError-iOS.a */; };
		B327D7311C973BA60015619A /* AMErrorSpec.m in Sources */ = {isa = PBXBuildFile; fileRef = B328D17E17E23EE200D0DBCB /* AMErrorSpec.m */; };
		B327D7341C973BB50015619A /* co.amrox.amerror.strings in Resources */ = {isa = PBXBuildFile; fileRef = B327D7211C9738AD0015619A /* co.amrox.amerror.strings */; };
		B327D7351C973BB70015619A /* Errors.strings in Resources */ = {isa = PBXBuildFile; fileRef = B3EAE3C317FB9C280052DF1E /* Errors.strings */; };
		B328D17A17E23C7E00D0DBCB /* AMError.m in Sources */ = {isa = PBXBuildFile; fileRef = B36389FF17E2376800F2BBE4 /* AMError.m */; };
		B328D17B17E23C7F00D0DBCB /* AMError.m in Sources */ = {isa = PBXBuildFile; fileRef = B36389FF17E2376800F2BBE4 /* AMError.m */; };
		B33575E117EC3F62006C8DA7 /* AMError.h in CopyFiles */ = {isa = PBXBuildFile; fileRef = B36389FD17E2376800F2BBE4 /* AMError.h */; };
		B33575E317EC3F88006C8DA7 /* AMError.h in Headers */ = {isa = PBXBuildFile; fileRef = B36389FD17E2376800F2BBE4 /* AMError.h */; settings = {ATTRIBUTES = (Public, ); }; };
		B36389D017E2375400F2BBE4 /* Foundation.framework in Frameworks */ = {isa = PBXBuildFile; fileRef = B36389CF17E2375400F2BBE4 /* Foundation.framework */; };
		B3928B7817E2BE1B00BF13A1 /* Foundation.framework in Frameworks */ = {isa = PBXBuildFile; fileRef = B3928B7717E2BE1B00BF13A1 /* Foundation.framework */; };
/* End PBXBuildFile section */

/* Begin PBXContainerItemProxy section */
		B31017511C973E9D007E00DC /* PBXContainerItemProxy */ = {
			isa = PBXContainerItemProxy;
			containerPortal = B363899617E2371B00F2BBE4 /* Project object */;
			proxyType = 1;
			remoteGlobalIDString = B363899F17E2373A00F2BBE4;
			remoteInfo = "AMError-Mac";
		};
		B327D72C1C973B750015619A /* PBXContainerItemProxy */ = {
			isa = PBXContainerItemProxy;
			containerPortal = B363899617E2371B00F2BBE4 /* Project object */;
			proxyType = 1;
			remoteGlobalIDString = B36389CD17E2375400F2BBE4;
			remoteInfo = "AMError-iOS";
		};
/* End PBXContainerItemProxy section */

/* Begin PBXCopyFilesBuildPhase section */
		B36389CC17E2375400F2BBE4 /* CopyFiles */ = {
			isa = PBXCopyFilesBuildPhase;
			buildActionMask = 2147483647;
			dstPath = "include/${PRODUCT_NAME}";
			dstSubfolderSpec = 16;
			files = (
				B33575E117EC3F62006C8DA7 /* AMError.h in CopyFiles */,
			);
			runOnlyForDeploymentPostprocessing = 0;
		};
/* End PBXCopyFilesBuildPhase section */

/* Begin PBXFileReference section */
		0561F378AC5354A264CBAA59 /* Pods-AMError-iOSTests.release.xcconfig */ = {isa = PBXFileReference; includeInIndex = 1; lastKnownFileType = text.xcconfig; name = "Pods-AMError-iOSTests.release.xcconfig"; path = "Pods/Target Support Files/Pods-AMError-iOSTests/Pods-AMError-iOSTests.release.xcconfig"; sourceTree = "<group>"; };
		088C6CC7CE3E2917041A27FC /* Pods-AMError-MacTests.release.xcconfig */ = {isa = PBXFileReference; includeInIndex = 1; lastKnownFileType = text.xcconfig; name = "Pods-AMError-MacTests.release.xcconfig"; path = "Pods/Target Support Files/Pods-AMError-MacTests/Pods-AMError-MacTests.release.xcconfig"; sourceTree = "<group>"; };
		11EF3626047645F3E66C62F3 /* Pods-AMError-iOSTests2.debug.xcconfig */ = {isa = PBXFileReference; includeInIndex = 1; lastKnownFileType = text.xcconfig; name = "Pods-AMError-iOSTests2.debug.xcconfig"; path = "Pods/Target Support Files/Pods-AMError-iOSTests2/Pods-AMError-iOSTests2.debug.xcconfig"; sourceTree = "<group>"; };
		1866D2969F644DAA8187CF9F /* libPods-AMError-iOSTests.a */ = {isa = PBXFileReference; explicitFileType = archive.ar; includeInIndex = 0; path = "libPods-AMError-iOSTests.a"; sourceTree = BUILT_PRODUCTS_DIR; };
		1B6678CC55595FBDDCE6326D /* Pods-AMError-MacTests.debug.xcconfig */ = {isa = PBXFileReference; includeInIndex = 1; lastKnownFileType = text.xcconfig; name = "Pods-AMError-MacTests.debug.xcconfig"; path = "Pods/Target Support Files/Pods-AMError-MacTests/Pods-AMError-MacTests.debug.xcconfig"; sourceTree = "<group>"; };
		35383DF61DAF097800F2A68D /* framework.xcconfig */ = {isa = PBXFileReference; fileEncoding = 4; lastKnownFileType = text.xcconfig; path = framework.xcconfig; sourceTree = "<group>"; };
		3592AD131D9F20A90024E326 /* AMErroriOS.framework */ = {isa = PBXFileReference; explicitFileType = wrapper.framework; includeInIndex = 0; path = AMErroriOS.framework; sourceTree = BUILT_PRODUCTS_DIR; };
		3592AD161D9F20A90024E326 /* Info.plist */ = {isa = PBXFileReference; lastKnownFileType = text.plist.xml; path = Info.plist; sourceTree = "<group>"; };
		3EFAE33F8F4A5CB916B20B63 /* libPods-AMError-MacTests.a */ = {isa = PBXFileReference; explicitFileType = archive.ar; includeInIndex = 0; path = "libPods-AMError-MacTests.a"; sourceTree = BUILT_PRODUCTS_DIR; };
		4D35DFB4B647121B185DF437 /* Pods-AMError-iOSTests2.release.xcconfig */ = {isa = PBXFileReference; includeInIndex = 1; lastKnownFileType = text.xcconfig; name = "Pods-AMError-iOSTests2.release.xcconfig"; path = "Pods/Target Support Files/Pods-AMError-iOSTests2/Pods-AMError-iOSTests2.release.xcconfig"; sourceTree = "<group>"; };
		6D713020C03343C939E04890 /* libPods-AMError-iOSTests2.a */ = {isa = PBXFileReference; explicitFileType = archive.ar; includeInIndex = 0; path = "libPods-AMError-iOSTests2.a"; sourceTree = BUILT_PRODUCTS_DIR; };
		A376383D8F084F44A2893F86 /* libPods-AMError-MacTests.a */ = {isa = PBXFileReference; explicitFileType = archive.ar; includeInIndex = 0; path = "libPods-AMError-MacTests.a"; sourceTree = BUILT_PRODUCTS_DIR; };
		B310174B1C973E9D007E00DC /* AMError-MacTests.xctest */ = {isa = PBXFileReference; explicitFileType = wrapper.cfbundle; includeInIndex = 0; path = "AMError-MacTests.xctest"; sourceTree = BUILT_PRODUCTS_DIR; };
		B327D7211C9738AD0015619A /* co.amrox.amerror.strings */ = {isa = PBXFileReference; fileEncoding = 4; lastKnownFileType = text.plist.strings; path = co.amrox.amerror.strings; sourceTree = "<group>"; };
		B327D7261C973B750015619A /* AMError-iOSTests.xctest */ = {isa = PBXFileReference; explicitFileType = wrapper.cfbundle; includeInIndex = 0; path = "AMError-iOSTests.xctest"; sourceTree = BUILT_PRODUCTS_DIR; };
		B328D16D17E23AA800D0DBCB /* en */ = {isa = PBXFileReference; lastKnownFileType = text.plist.strings; name = en; path = en.lproj/InfoPlist.strings; sourceTree = "<group>"; };
		B328D17617E23BC700D0DBCB /* AMError-iOS-Prefix.pch */ = {isa = PBXFileReference; lastKnownFileType = sourcecode.c.h; path = "AMError-iOS-Prefix.pch"; sourceTree = "<group>"; };
		B328D17717E23BC700D0DBCB /* AMError-Mac-Prefix.pch */ = {isa = PBXFileReference; lastKnownFileType = sourcecode.c.h; path = "AMError-Mac-Prefix.pch"; sourceTree = "<group>"; };
		B328D17C17E23E6000D0DBCB /* AMErrorTests-iOS-Prefix.pch */ = {isa = PBXFileReference; lastKnownFileType = sourcecode.c.h; path = "AMErrorTests-iOS-Prefix.pch"; sourceTree = "<group>"; };
		B328D17D17E23E6000D0DBCB /* AMErrorTests-Mac-Prefix.pch */ = {isa = PBXFileReference; lastKnownFileType = sourcecode.c.h; path = "AMErrorTests-Mac-Prefix.pch"; sourceTree = "<group>"; };
		B328D17E17E23EE200D0DBCB /* AMErrorSpec.m */ = {isa = PBXFileReference; fileEncoding = 4; lastKnownFileType = sourcecode.c.objc; path = AMErrorSpec.m; sourceTree = "<group>"; };
		B36389A017E2373A00F2BBE4 /* libAMError-Mac.a */ = {isa = PBXFileReference; explicitFileType = archive.ar; includeInIndex = 0; path = "libAMError-Mac.a"; sourceTree = BUILT_PRODUCTS_DIR; };
		B36389B517E2373A00F2BBE4 /* SenTestingKit.framework */ = {isa = PBXFileReference; lastKnownFileType = wrapper.framework; name = SenTestingKit.framework; path = Library/Frameworks/SenTestingKit.framework; sourceTree = DEVELOPER_DIR; };
		B36389BD17E2373A00F2BBE4 /* AMError-MacTests-Info.plist */ = {isa = PBXFileReference; lastKnownFileType = text.plist.xml; path = "AMError-MacTests-Info.plist"; sourceTree = "<group>"; };
		B36389CE17E2375400F2BBE4 /* libAMError-iOS.a */ = {isa = PBXFileReference; explicitFileType = archive.ar; includeInIndex = 0; path = "libAMError-iOS.a"; sourceTree = BUILT_PRODUCTS_DIR; };
		B36389CF17E2375400F2BBE4 /* Foundation.framework */ = {isa = PBXFileReference; lastKnownFileType = wrapper.framework; name = Foundation.framework; path = System/Library/Frameworks/Foundation.framework; sourceTree = SDKROOT; };
		B36389E717E2375500F2BBE4 /* AMError-iOSTests-Info.plist */ = {isa = PBXFileReference; lastKnownFileType = text.plist.xml; path = "AMError-iOSTests-Info.plist"; sourceTree = "<group>"; };
		B36389FD17E2376800F2BBE4 /* AMError.h */ = {isa = PBXFileReference; lastKnownFileType = sourcecode.c.h; path = AMError.h; sourceTree = "<group>"; };
		B36389FF17E2376800F2BBE4 /* AMError.m */ = {isa = PBXFileReference; lastKnownFileType = sourcecode.c.objc; path = AMError.m; sourceTree = "<group>"; };
		B3928B7717E2BE1B00BF13A1 /* Foundation.framework */ = {isa = PBXFileReference; lastKnownFileType = wrapper.framework; name = Foundation.framework; path = Platforms/MacOSX.platform/Developer/SDKs/MacOSX10.8.sdk/System/Library/Frameworks/Foundation.framework; sourceTree = DEVELOPER_DIR; };
		B3EAE3C317FB9C280052DF1E /* Errors.strings */ = {isa = PBXFileReference; fileEncoding = 4; lastKnownFileType = text.plist.strings; path = Errors.strings; sourceTree = "<group>"; };
		E90DAB55E5820744F4B1469C /* libPods-AMError-iOSTests.a */ = {isa = PBXFileReference; explicitFileType = archive.ar; includeInIndex = 0; path = "libPods-AMError-iOSTests.a"; sourceTree = BUILT_PRODUCTS_DIR; };
		F05349293D48437B629B3997 /* Pods-AMError-iOSTests.debug.xcconfig */ = {isa = PBXFileReference; includeInIndex = 1; lastKnownFileType = text.xcconfig; name = "Pods-AMError-iOSTests.debug.xcconfig"; path = "Pods/Target Support Files/Pods-AMError-iOSTests/Pods-AMError-iOSTests.debug.xcconfig"; sourceTree = "<group>"; };
/* End PBXFileReference section */

/* Begin PBXFrameworksBuildPhase section */
		3592AD0F1D9F20A90024E326 /* Frameworks */ = {
			isa = PBXFrameworksBuildPhase;
			buildActionMask = 2147483647;
			files = (
			);
			runOnlyForDeploymentPostprocessing = 0;
		};
		B31017481C973E9D007E00DC /* Frameworks */ = {
			isa = PBXFrameworksBuildPhase;
			buildActionMask = 2147483647;
			files = (
				B31017501C973E9D007E00DC /* libAMError-Mac.a in Frameworks */,
				27ECEAA8FE9BFF6C2C6CC50A /* libPods-AMError-MacTests.a in Frameworks */,
			);
			runOnlyForDeploymentPostprocessing = 0;
		};
		B327D7231C973B750015619A /* Frameworks */ = {
			isa = PBXFrameworksBuildPhase;
			buildActionMask = 2147483647;
			files = (
				B327D72B1C973B750015619A /* libAMError-iOS.a in Frameworks */,
				261F3AE05DDA692972E30B30 /* libPods-AMError-iOSTests2.a in Frameworks */,
				382A1A123C0CF6A178ABC757 /* libPods-AMError-iOSTests.a in Frameworks */,
			);
			runOnlyForDeploymentPostprocessing = 0;
		};
		B363899D17E2373A00F2BBE4 /* Frameworks */ = {
			isa = PBXFrameworksBuildPhase;
			buildActionMask = 2147483647;
			files = (
				B3928B7817E2BE1B00BF13A1 /* Foundation.framework in Frameworks */,
			);
			runOnlyForDeploymentPostprocessing = 0;
		};
		B36389CB17E2375400F2BBE4 /* Frameworks */ = {
			isa = PBXFrameworksBuildPhase;
			buildActionMask = 2147483647;
			files = (
				B36389D017E2375400F2BBE4 /* Foundation.framework in Frameworks */,
			);
			runOnlyForDeploymentPostprocessing = 0;
		};
/* End PBXFrameworksBuildPhase section */

/* Begin PBXGroup section */
		3592AD141D9F20A90024E326 /* AMError Framework */ = {
			isa = PBXGroup;
			children = (
				35383DF61DAF097800F2A68D /* framework.xcconfig */,
				3592AD161D9F20A90024E326 /* Info.plist */,
			);
			name = "AMError Framework";
			path = AMErroriOS;
			sourceTree = "<group>";
		};
		9AB804CF58471AEA92E4B967 /* Pods */ = {
			isa = PBXGroup;
			children = (
				1B6678CC55595FBDDCE6326D /* Pods-AMError-MacTests.debug.xcconfig */,
				088C6CC7CE3E2917041A27FC /* Pods-AMError-MacTests.release.xcconfig */,
				F05349293D48437B629B3997 /* Pods-AMError-iOSTests.debug.xcconfig */,
				0561F378AC5354A264CBAA59 /* Pods-AMError-iOSTests.release.xcconfig */,
				11EF3626047645F3E66C62F3 /* Pods-AMError-iOSTests2.debug.xcconfig */,
				4D35DFB4B647121B185DF437 /* Pods-AMError-iOSTests2.release.xcconfig */,
			);
			name = Pods;
			sourceTree = "<group>";
		};
		B328D16917E23AA800D0DBCB /* AMErrorTests */ = {
			isa = PBXGroup;
			children = (
				B327D7211C9738AD0015619A /* co.amrox.amerror.strings */,
				B328D17E17E23EE200D0DBCB /* AMErrorSpec.m */,
				B3EAE3C317FB9C280052DF1E /* Errors.strings */,
				B328D16A17E23AA800D0DBCB /* Supporting Files */,
			);
			path = AMErrorTests;
			sourceTree = "<group>";
		};
		B328D16A17E23AA800D0DBCB /* Supporting Files */ = {
			isa = PBXGroup;
			children = (
				B328D17C17E23E6000D0DBCB /* AMErrorTests-iOS-Prefix.pch */,
				B328D17D17E23E6000D0DBCB /* AMErrorTests-Mac-Prefix.pch */,
				B36389E717E2375500F2BBE4 /* AMError-iOSTests-Info.plist */,
				B36389BD17E2373A00F2BBE4 /* AMError-MacTests-Info.plist */,
				B328D16C17E23AA800D0DBCB /* InfoPlist.strings */,
			);
			name = "Supporting Files";
			sourceTree = "<group>";
		};
		B363899517E2371B00F2BBE4 = {
			isa = PBXGroup;
			children = (
				B36389FA17E2376800F2BBE4 /* AMError */,
				B328D16917E23AA800D0DBCB /* AMErrorTests */,
				3592AD141D9F20A90024E326 /* AMError Framework */,
				B36389A217E2373A00F2BBE4 /* Frameworks */,
				B36389A117E2373A00F2BBE4 /* Products */,
				9AB804CF58471AEA92E4B967 /* Pods */,
			);
			sourceTree = "<group>";
		};
		B36389A117E2373A00F2BBE4 /* Products */ = {
			isa = PBXGroup;
			children = (
				B36389A017E2373A00F2BBE4 /* libAMError-Mac.a */,
				B36389CE17E2375400F2BBE4 /* libAMError-iOS.a */,
				B327D7261C973B750015619A /* AMError-iOSTests.xctest */,
				B310174B1C973E9D007E00DC /* AMError-MacTests.xctest */,
				3592AD131D9F20A90024E326 /* AMErroriOS.framework */,
			);
			name = Products;
			sourceTree = "<group>";
		};
		B36389A217E2373A00F2BBE4 /* Frameworks */ = {
			isa = PBXGroup;
			children = (
				B3928B7617E2BDFD00BF13A1 /* iOS */,
				B3928B7517E2BDE500BF13A1 /* Mac */,
				B36389B517E2373A00F2BBE4 /* SenTestingKit.framework */,
				6D713020C03343C939E04890 /* libPods-AMError-iOSTests2.a */,
				E90DAB55E5820744F4B1469C /* libPods-AMError-iOSTests.a */,
				3EFAE33F8F4A5CB916B20B63 /* libPods-AMError-MacTests.a */,
			);
			name = Frameworks;
			sourceTree = "<group>";
		};
		B36389FA17E2376800F2BBE4 /* AMError */ = {
			isa = PBXGroup;
			children = (
				B36389FD17E2376800F2BBE4 /* AMError.h */,
				B36389FF17E2376800F2BBE4 /* AMError.m */,
				B36389FB17E2376800F2BBE4 /* Supporting Files */,
			);
			path = AMError;
			sourceTree = "<group>";
		};
		B36389FB17E2376800F2BBE4 /* Supporting Files */ = {
			isa = PBXGroup;
			children = (
				B328D17617E23BC700D0DBCB /* AMError-iOS-Prefix.pch */,
				B328D17717E23BC700D0DBCB /* AMError-Mac-Prefix.pch */,
			);
			name = "Supporting Files";
			sourceTree = "<group>";
		};
		B3928B7517E2BDE500BF13A1 /* Mac */ = {
			isa = PBXGroup;
			children = (
				A376383D8F084F44A2893F86 /* libPods-AMError-MacTests.a */,
				B3928B7717E2BE1B00BF13A1 /* Foundation.framework */,
			);
			name = Mac;
			sourceTree = "<group>";
		};
		B3928B7617E2BDFD00BF13A1 /* iOS */ = {
			isa = PBXGroup;
			children = (
				1866D2969F644DAA8187CF9F /* libPods-AMError-iOSTests.a */,
				B36389CF17E2375400F2BBE4 /* Foundation.framework */,
			);
			name = iOS;
			sourceTree = "<group>";
		};
/* End PBXGroup section */

/* Begin PBXHeadersBuildPhase section */
		3592AD101D9F20A90024E326 /* Headers */ = {
			isa = PBXHeadersBuildPhase;
			buildActionMask = 2147483647;
			files = (
				3592AD1C1D9F20BB0024E326 /* AMError.h in Headers */,
			);
			runOnlyForDeploymentPostprocessing = 0;
		};
		B363899E17E2373A00F2BBE4 /* Headers */ = {
			isa = PBXHeadersBuildPhase;
			buildActionMask = 2147483647;
			files = (
				B33575E317EC3F88006C8DA7 /* AMError.h in Headers */,
			);
			runOnlyForDeploymentPostprocessing = 0;
		};
/* End PBXHeadersBuildPhase section */

/* Begin PBXNativeTarget section */
		3592AD121D9F20A90024E326 /* AMErroriOS */ = {
			isa = PBXNativeTarget;
			buildConfigurationList = 3592AD1A1D9F20A90024E326 /* Build configuration list for PBXNativeTarget "AMErroriOS" */;
			buildPhases = (
				3592AD0E1D9F20A90024E326 /* Sources */,
				3592AD0F1D9F20A90024E326 /* Frameworks */,
				3592AD101D9F20A90024E326 /* Headers */,
				3592AD111D9F20A90024E326 /* Resources */,
			);
			buildRules = (
			);
			dependencies = (
			);
			name = AMErroriOS;
			productName = AMErroriOS;
			productReference = 3592AD131D9F20A90024E326 /* AMErroriOS.framework */;
			productType = "com.apple.product-type.framework";
		};
		B310174A1C973E9D007E00DC /* AMError-MacTests */ = {
			isa = PBXNativeTarget;
			buildConfigurationList = B31017531C973E9D007E00DC /* Build configuration list for PBXNativeTarget "AMError-MacTests" */;
			buildPhases = (
				4921F8FCF634B2D92C74B22B /* Check Pods Manifest.lock */,
				B31017471C973E9D007E00DC /* Sources */,
				B31017481C973E9D007E00DC /* Frameworks */,
				B31017491C973E9D007E00DC /* Resources */,
				0F392C35E8F0B9BAF98BFA4E /* Embed Pods Frameworks */,
				0E8859E6E0513BB07B552255 /* Copy Pods Resources */,
			);
			buildRules = (
			);
			dependencies = (
				B31017521C973E9D007E00DC /* PBXTargetDependency */,
			);
			name = "AMError-MacTests";
			productName = "AMError-MacTests";
			productReference = B310174B1C973E9D007E00DC /* AMError-MacTests.xctest */;
			productType = "com.apple.product-type.bundle.unit-test";
		};
		B327D7251C973B750015619A /* AMError-iOSTests */ = {
			isa = PBXNativeTarget;
			buildConfigurationList = B327D7301C973B750015619A /* Build configuration list for PBXNativeTarget "AMError-iOSTests" */;
			buildPhases = (
				903EC3ED7A7B6D3DCC2CB2B7 /* Check Pods Manifest.lock */,
				B327D7221C973B750015619A /* Sources */,
				B327D7231C973B750015619A /* Frameworks */,
				B327D7241C973B750015619A /* Resources */,
				99D03338C763B8B2CB7F3EF7 /* Embed Pods Frameworks */,
				AAF2D3B6FB1E703732B64133 /* Copy Pods Resources */,
			);
			buildRules = (
			);
			dependencies = (
				B327D72D1C973B750015619A /* PBXTargetDependency */,
			);
			name = "AMError-iOSTests";
			productName = "AMError-iOSTests2";
			productReference = B327D7261C973B750015619A /* AMError-iOSTests.xctest */;
			productType = "com.apple.product-type.bundle.unit-test";
		};
		B363899F17E2373A00F2BBE4 /* AMError-Mac */ = {
			isa = PBXNativeTarget;
			buildConfigurationList = B36389C417E2373A00F2BBE4 /* Build configuration list for PBXNativeTarget "AMError-Mac" */;
			buildPhases = (
				B363899C17E2373A00F2BBE4 /* Sources */,
				B363899D17E2373A00F2BBE4 /* Frameworks */,
				B363899E17E2373A00F2BBE4 /* Headers */,
			);
			buildRules = (
			);
			dependencies = (
			);
			name = "AMError-Mac";
			productName = "AMError-Mac";
			productReference = B36389A017E2373A00F2BBE4 /* libAMError-Mac.a */;
			productType = "com.apple.product-type.library.static";
		};
		B36389CD17E2375400F2BBE4 /* AMError-iOS */ = {
			isa = PBXNativeTarget;
			buildConfigurationList = B36389EE17E2375500F2BBE4 /* Build configuration list for PBXNativeTarget "AMError-iOS" */;
			buildPhases = (
				B36389CA17E2375400F2BBE4 /* Sources */,
				B36389CB17E2375400F2BBE4 /* Frameworks */,
				B36389CC17E2375400F2BBE4 /* CopyFiles */,
			);
			buildRules = (
			);
			dependencies = (
			);
			name = "AMError-iOS";
			productName = "AMError-iOS";
			productReference = B36389CE17E2375400F2BBE4 /* libAMError-iOS.a */;
			productType = "com.apple.product-type.library.static";
		};
/* End PBXNativeTarget section */

/* Begin PBXProject section */
		B363899617E2371B00F2BBE4 /* Project object */ = {
			isa = PBXProject;
			attributes = {
				LastTestingUpgradeCheck = 0720;
				LastUpgradeCheck = 0720;
				TargetAttributes = {
					3592AD121D9F20A90024E326 = {
						CreatedOnToolsVersion = 8.0;
						ProvisioningStyle = Automatic;
					};
					B310174A1C973E9D007E00DC = {
						CreatedOnToolsVersion = 7.2.1;
					};
					B327D7251C973B750015619A = {
						CreatedOnToolsVersion = 7.2.1;
					};
				};
			};
			buildConfigurationList = B363899917E2371B00F2BBE4 /* Build configuration list for PBXProject "AMError" */;
			compatibilityVersion = "Xcode 3.2";
			developmentRegion = English;
			hasScannedForEncodings = 0;
			knownRegions = (
				en,
			);
			mainGroup = B363899517E2371B00F2BBE4;
			productRefGroup = B36389A117E2373A00F2BBE4 /* Products */;
			projectDirPath = "";
			projectRoot = "";
			targets = (
				B36389CD17E2375400F2BBE4 /* AMError-iOS */,
				B327D7251C973B750015619A /* AMError-iOSTests */,
				B363899F17E2373A00F2BBE4 /* AMError-Mac */,
				B310174A1C973E9D007E00DC /* AMError-MacTests */,
				3592AD121D9F20A90024E326 /* AMErroriOS */,
			);
		};
/* End PBXProject section */

/* Begin PBXResourcesBuildPhase section */
		3592AD111D9F20A90024E326 /* Resources */ = {
			isa = PBXResourcesBuildPhase;
			buildActionMask = 2147483647;
			files = (
				35383DF71DAF097800F2A68D /* framework.xcconfig in Resources */,
			);
			runOnlyForDeploymentPostprocessing = 0;
		};
		B31017491C973E9D007E00DC /* Resources */ = {
			isa = PBXResourcesBuildPhase;
			buildActionMask = 2147483647;
			files = (
				B31017561C973EBF007E00DC /* Errors.strings in Resources */,
				B31017581C973ECA007E00DC /* co.amrox.amerror.strings in Resources */,
			);
			runOnlyForDeploymentPostprocessing = 0;
		};
		B327D7241C973B750015619A /* Resources */ = {
			isa = PBXResourcesBuildPhase;
			buildActionMask = 2147483647;
			files = (
				B327D7341C973BB50015619A /* co.amrox.amerror.strings in Resources */,
				B327D7351C973BB70015619A /* Errors.strings in Resources */,
			);
			runOnlyForDeploymentPostprocessing = 0;
		};
/* End PBXResourcesBuildPhase section */

/* Begin PBXShellScriptBuildPhase section */
		0E8859E6E0513BB07B552255 /* Copy Pods Resources */ = {
			isa = PBXShellScriptBuildPhase;
			buildActionMask = 2147483647;
			files = (
			);
			inputPaths = (
			);
			name = "Copy Pods Resources";
			outputPaths = (
			);
			runOnlyForDeploymentPostprocessing = 0;
			shellPath = /bin/sh;
			shellScript = "\"${SRCROOT}/Pods/Target Support Files/Pods-AMError-MacTests/Pods-AMError-MacTests-resources.sh\"\n";
			showEnvVarsInLog = 0;
		};
		0F392C35E8F0B9BAF98BFA4E /* Embed Pods Frameworks */ = {
			isa = PBXShellScriptBuildPhase;
			buildActionMask = 2147483647;
			files = (
			);
			inputPaths = (
			);
			name = "Embed Pods Frameworks";
			outputPaths = (
			);
			runOnlyForDeploymentPostprocessing = 0;
			shellPath = /bin/sh;
			shellScript = "\"${SRCROOT}/Pods/Target Support Files/Pods-AMError-MacTests/Pods-AMError-MacTests-frameworks.sh\"\n";
			showEnvVarsInLog = 0;
		};
		4921F8FCF634B2D92C74B22B /* Check Pods Manifest.lock */ = {
			isa = PBXShellScriptBuildPhase;
			buildActionMask = 2147483647;
			files = (
			);
			inputPaths = (
			);
			name = "Check Pods Manifest.lock";
			outputPaths = (
			);
			runOnlyForDeploymentPostprocessing = 0;
			shellPath = /bin/sh;
			shellScript = "diff \"${PODS_ROOT}/../Podfile.lock\" \"${PODS_ROOT}/Manifest.lock\" > /dev/null\nif [[ $? != 0 ]] ; then\n    cat << EOM\nerror: The sandbox is not in sync with the Podfile.lock. Run 'pod install' or update your CocoaPods installation.\nEOM\n    exit 1\nfi\n";
			showEnvVarsInLog = 0;
		};
		903EC3ED7A7B6D3DCC2CB2B7 /* Check Pods Manifest.lock */ = {
			isa = PBXShellScriptBuildPhase;
			buildActionMask = 2147483647;
			files = (
			);
			inputPaths = (
			);
			name = "Check Pods Manifest.lock";
			outputPaths = (
			);
			runOnlyForDeploymentPostprocessing = 0;
			shellPath = /bin/sh;
			shellScript = "diff \"${PODS_ROOT}/../Podfile.lock\" \"${PODS_ROOT}/Manifest.lock\" > /dev/null\nif [[ $? != 0 ]] ; then\n    cat << EOM\nerror: The sandbox is not in sync with the Podfile.lock. Run 'pod install' or update your CocoaPods installation.\nEOM\n    exit 1\nfi\n";
			showEnvVarsInLog = 0;
		};
		99D03338C763B8B2CB7F3EF7 /* Embed Pods Frameworks */ = {
			isa = PBXShellScriptBuildPhase;
			buildActionMask = 2147483647;
			files = (
			);
			inputPaths = (
			);
			name = "Embed Pods Frameworks";
			outputPaths = (
			);
			runOnlyForDeploymentPostprocessing = 0;
			shellPath = /bin/sh;
			shellScript = "\"${SRCROOT}/Pods/Target Support Files/Pods-AMError-iOSTests/Pods-AMError-iOSTests-frameworks.sh\"\n";
			showEnvVarsInLog = 0;
		};
		AAF2D3B6FB1E703732B64133 /* Copy Pods Resources */ = {
			isa = PBXShellScriptBuildPhase;
			buildActionMask = 2147483647;
			files = (
			);
			inputPaths = (
			);
			name = "Copy Pods Resources";
			outputPaths = (
			);
			runOnlyForDeploymentPostprocessing = 0;
			shellPath = /bin/sh;
			shellScript = "\"${SRCROOT}/Pods/Target Support Files/Pods-AMError-iOSTests/Pods-AMError-iOSTests-resources.sh\"\n";
			showEnvVarsInLog = 0;
		};
/* End PBXShellScriptBuildPhase section */

/* Begin PBXSourcesBuildPhase section */
		3592AD0E1D9F20A90024E326 /* Sources */ = {
			isa = PBXSourcesBuildPhase;
			buildActionMask = 2147483647;
			files = (
				3592AD1B1D9F20B20024E326 /* AMError.m in Sources */,
			);
			runOnlyForDeploymentPostprocessing = 0;
		};
		B31017471C973E9D007E00DC /* Sources */ = {
			isa = PBXSourcesBuildPhase;
			buildActionMask = 2147483647;
			files = (
				B31017571C973EC6007E00DC /* AMErrorSpec.m in Sources */,
			);
			runOnlyForDeploymentPostprocessing = 0;
		};
		B327D7221C973B750015619A /* Sources */ = {
			isa = PBXSourcesBuildPhase;
			buildActionMask = 2147483647;
			files = (
				B327D7311C973BA60015619A /* AMErrorSpec.m in Sources */,
			);
			runOnlyForDeploymentPostprocessing = 0;
		};
		B363899C17E2373A00F2BBE4 /* Sources */ = {
			isa = PBXSourcesBuildPhase;
			buildActionMask = 2147483647;
			files = (
				B328D17A17E23C7E00D0DBCB /* AMError.m in Sources */,
			);
			runOnlyForDeploymentPostprocessing = 0;
		};
		B36389CA17E2375400F2BBE4 /* Sources */ = {
			isa = PBXSourcesBuildPhase;
			buildActionMask = 2147483647;
			files = (
				B328D17B17E23C7F00D0DBCB /* AMError.m in Sources */,
			);
			runOnlyForDeploymentPostprocessing = 0;
		};
/* End PBXSourcesBuildPhase section */

/* Begin PBXTargetDependency section */
		B31017521C973E9D007E00DC /* PBXTargetDependency */ = {
			isa = PBXTargetDependency;
			target = B363899F17E2373A00F2BBE4 /* AMError-Mac */;
			targetProxy = B31017511C973E9D007E00DC /* PBXContainerItemProxy */;
		};
		B327D72D1C973B750015619A /* PBXTargetDependency */ = {
			isa = PBXTargetDependency;
			target = B36389CD17E2375400F2BBE4 /* AMError-iOS */;
			targetProxy = B327D72C1C973B750015619A /* PBXContainerItemProxy */;
		};
/* End PBXTargetDependency section */

/* Begin PBXVariantGroup section */
		B328D16C17E23AA800D0DBCB /* InfoPlist.strings */ = {
			isa = PBXVariantGroup;
			children = (
				B328D16D17E23AA800D0DBCB /* en */,
			);
			name = InfoPlist.strings;
			sourceTree = "<group>";
		};
/* End PBXVariantGroup section */

/* Begin XCBuildConfiguration section */
		3592AD181D9F20A90024E326 /* Debug */ = {
			isa = XCBuildConfiguration;
			baseConfigurationReference = 35383DF61DAF097800F2A68D /* framework.xcconfig */;
			buildSettings = {
				ALWAYS_SEARCH_USER_PATHS = NO;
				CLANG_ANALYZER_NONNULL = YES;
				CLANG_CXX_LANGUAGE_STANDARD = "gnu++0x";
				CLANG_CXX_LIBRARY = "libc++";
				CLANG_ENABLE_MODULES = YES;
				CLANG_ENABLE_OBJC_ARC = YES;
				CLANG_WARN_BOOL_CONVERSION = YES;
				CLANG_WARN_CONSTANT_CONVERSION = YES;
				CLANG_WARN_DIRECT_OBJC_ISA_USAGE = YES_ERROR;
				CLANG_WARN_DOCUMENTATION_COMMENTS = YES;
				CLANG_WARN_EMPTY_BODY = YES;
				CLANG_WARN_ENUM_CONVERSION = YES;
				CLANG_WARN_INFINITE_RECURSION = YES;
				CLANG_WARN_INT_CONVERSION = YES;
				CLANG_WARN_OBJC_ROOT_CLASS = YES_ERROR;
				CLANG_WARN_SUSPICIOUS_MOVES = YES;
				CLANG_WARN_UNREACHABLE_CODE = YES;
				CLANG_WARN__DUPLICATE_METHOD_MATCH = YES;
				COPY_PHASE_STRIP = NO;
				CURRENT_PROJECT_VERSION = 1;
				DEBUG_INFORMATION_FORMAT = dwarf;
				DEFINES_MODULE = YES;
				DYLIB_COMPATIBILITY_VERSION = 1;
				DYLIB_CURRENT_VERSION = 1;
				DYLIB_INSTALL_NAME_BASE = "@rpath";
				ENABLE_STRICT_OBJC_MSGSEND = YES;
				GCC_C_LANGUAGE_STANDARD = gnu99;
				GCC_DYNAMIC_NO_PIC = NO;
				GCC_NO_COMMON_BLOCKS = YES;
				GCC_OPTIMIZATION_LEVEL = 0;
				GCC_PREPROCESSOR_DEFINITIONS = (
					"DEBUG=1",
					"$(inherited)",
				);
				GCC_WARN_64_TO_32_BIT_CONVERSION = YES;
				GCC_WARN_ABOUT_RETURN_TYPE = YES_ERROR;
				GCC_WARN_UNDECLARED_SELECTOR = YES;
				GCC_WARN_UNINITIALIZED_AUTOS = YES_AGGRESSIVE;
				GCC_WARN_UNUSED_FUNCTION = YES;
				GCC_WARN_UNUSED_VARIABLE = YES;
				INFOPLIST_FILE = AMErroriOS/Info.plist;
				INSTALL_PATH = "$(LOCAL_LIBRARY_DIR)/Frameworks";
				IPHONEOS_DEPLOYMENT_TARGET = 10.0;
				LD_RUNPATH_SEARCH_PATHS = "$(inherited) @executable_path/Frameworks @loader_path/Frameworks";
				MTL_ENABLE_DEBUG_INFO = YES;
				PRODUCT_BUNDLE_IDENTIFIER = co.amrox.AMErroriOS;
				PRODUCT_NAME = "$(TARGET_NAME)";
				SDKROOT = iphoneos;
				SKIP_INSTALL = YES;
				TARGETED_DEVICE_FAMILY = "1,2";
				VERSIONING_SYSTEM = "apple-generic";
				VERSION_INFO_PREFIX = "";
			};
			name = Debug;
		};
		3592AD191D9F20A90024E326 /* Release */ = {
			isa = XCBuildConfiguration;
			baseConfigurationReference = 35383DF61DAF097800F2A68D /* framework.xcconfig */;
			buildSettings = {
				ALWAYS_SEARCH_USER_PATHS = NO;
				CLANG_ANALYZER_NONNULL = YES;
				CLANG_CXX_LANGUAGE_STANDARD = "gnu++0x";
				CLANG_CXX_LIBRARY = "libc++";
				CLANG_ENABLE_MODULES = YES;
				CLANG_ENABLE_OBJC_ARC = YES;
				CLANG_WARN_BOOL_CONVERSION = YES;
				CLANG_WARN_CONSTANT_CONVERSION = YES;
				CLANG_WARN_DIRECT_OBJC_ISA_USAGE = YES_ERROR;
				CLANG_WARN_DOCUMENTATION_COMMENTS = YES;
				CLANG_WARN_EMPTY_BODY = YES;
				CLANG_WARN_ENUM_CONVERSION = YES;
				CLANG_WARN_INFINITE_RECURSION = YES;
				CLANG_WARN_INT_CONVERSION = YES;
				CLANG_WARN_OBJC_ROOT_CLASS = YES_ERROR;
				CLANG_WARN_SUSPICIOUS_MOVES = YES;
				CLANG_WARN_UNREACHABLE_CODE = YES;
				CLANG_WARN__DUPLICATE_METHOD_MATCH = YES;
				COPY_PHASE_STRIP = NO;
				CURRENT_PROJECT_VERSION = 1;
				DEBUG_INFORMATION_FORMAT = "dwarf-with-dsym";
				DEFINES_MODULE = YES;
				DYLIB_COMPATIBILITY_VERSION = 1;
				DYLIB_CURRENT_VERSION = 1;
				DYLIB_INSTALL_NAME_BASE = "@rpath";
				ENABLE_NS_ASSERTIONS = NO;
				ENABLE_STRICT_OBJC_MSGSEND = YES;
				GCC_C_LANGUAGE_STANDARD = gnu99;
				GCC_NO_COMMON_BLOCKS = YES;
				GCC_WARN_64_TO_32_BIT_CONVERSION = YES;
				GCC_WARN_ABOUT_RETURN_TYPE = YES_ERROR;
				GCC_WARN_UNDECLARED_SELECTOR = YES;
				GCC_WARN_UNINITIALIZED_AUTOS = YES_AGGRESSIVE;
				GCC_WARN_UNUSED_FUNCTION = YES;
				GCC_WARN_UNUSED_VARIABLE = YES;
				INFOPLIST_FILE = AMErroriOS/Info.plist;
				INSTALL_PATH = "$(LOCAL_LIBRARY_DIR)/Frameworks";
				IPHONEOS_DEPLOYMENT_TARGET = 10.0;
				LD_RUNPATH_SEARCH_PATHS = "$(inherited) @executable_path/Frameworks @loader_path/Frameworks";
				MTL_ENABLE_DEBUG_INFO = NO;
				PRODUCT_BUNDLE_IDENTIFIER = co.amrox.AMErroriOS;
				PRODUCT_NAME = "$(TARGET_NAME)";
				SDKROOT = iphoneos;
				SKIP_INSTALL = YES;
				TARGETED_DEVICE_FAMILY = "1,2";
				VALIDATE_PRODUCT = YES;
				VERSIONING_SYSTEM = "apple-generic";
				VERSION_INFO_PREFIX = "";
			};
			name = Release;
		};
		B31017541C973E9D007E00DC /* Debug */ = {
			isa = XCBuildConfiguration;
			baseConfigurationReference = 1B6678CC55595FBDDCE6326D /* Pods-AMError-MacTests.debug.xcconfig */;
			buildSettings = {
				ALWAYS_SEARCH_USER_PATHS = NO;
				CLANG_CXX_LANGUAGE_STANDARD = "gnu++0x";
				CLANG_CXX_LIBRARY = "libc++";
				CLANG_ENABLE_MODULES = YES;
				CLANG_ENABLE_OBJC_ARC = YES;
				CLANG_WARN_BOOL_CONVERSION = YES;
				CLANG_WARN_CONSTANT_CONVERSION = YES;
				CLANG_WARN_DIRECT_OBJC_ISA_USAGE = YES_ERROR;
				CLANG_WARN_EMPTY_BODY = YES;
				CLANG_WARN_ENUM_CONVERSION = YES;
				CLANG_WARN_INT_CONVERSION = YES;
				CLANG_WARN_OBJC_ROOT_CLASS = YES_ERROR;
				CLANG_WARN_UNREACHABLE_CODE = YES;
				CLANG_WARN__DUPLICATE_METHOD_MATCH = YES;
				CODE_SIGN_IDENTITY = "-";
				COMBINE_HIDPI_IMAGES = YES;
				COPY_PHASE_STRIP = NO;
				DEBUG_INFORMATION_FORMAT = dwarf;
				ENABLE_STRICT_OBJC_MSGSEND = YES;
				GCC_C_LANGUAGE_STANDARD = gnu99;
				GCC_DYNAMIC_NO_PIC = NO;
				GCC_NO_COMMON_BLOCKS = YES;
				GCC_OPTIMIZATION_LEVEL = 0;
				GCC_PRECOMPILE_PREFIX_HEADER = YES;
				GCC_PREFIX_HEADER = "AMErrorTests/AMErrorTests-Mac-Prefix.pch";
				GCC_PREPROCESSOR_DEFINITIONS = (
					"DEBUG=1",
					"$(inherited)",
				);
				GCC_WARN_64_TO_32_BIT_CONVERSION = YES;
				GCC_WARN_ABOUT_RETURN_TYPE = YES_ERROR;
				GCC_WARN_UNDECLARED_SELECTOR = YES;
				GCC_WARN_UNINITIALIZED_AUTOS = YES_AGGRESSIVE;
				GCC_WARN_UNUSED_FUNCTION = YES;
				GCC_WARN_UNUSED_VARIABLE = YES;
				INFOPLIST_FILE = "AMErrorTests/AMError-MacTests-Info.plist";
				LD_RUNPATH_SEARCH_PATHS = "$(inherited) @executable_path/../Frameworks @loader_path/../Frameworks";
				MACOSX_DEPLOYMENT_TARGET = 10.11;
				MTL_ENABLE_DEBUG_INFO = YES;
				PRODUCT_BUNDLE_IDENTIFIER = "co.amrox.amerror.AMError-MacTests";
				PRODUCT_NAME = "$(TARGET_NAME)";
				SDKROOT = macosx;
			};
			name = Debug;
		};
		B31017551C973E9D007E00DC /* Release */ = {
			isa = XCBuildConfiguration;
			baseConfigurationReference = 088C6CC7CE3E2917041A27FC /* Pods-AMError-MacTests.release.xcconfig */;
			buildSettings = {
				ALWAYS_SEARCH_USER_PATHS = NO;
				CLANG_CXX_LANGUAGE_STANDARD = "gnu++0x";
				CLANG_CXX_LIBRARY = "libc++";
				CLANG_ENABLE_MODULES = YES;
				CLANG_ENABLE_OBJC_ARC = YES;
				CLANG_WARN_BOOL_CONVERSION = YES;
				CLANG_WARN_CONSTANT_CONVERSION = YES;
				CLANG_WARN_DIRECT_OBJC_ISA_USAGE = YES_ERROR;
				CLANG_WARN_EMPTY_BODY = YES;
				CLANG_WARN_ENUM_CONVERSION = YES;
				CLANG_WARN_INT_CONVERSION = YES;
				CLANG_WARN_OBJC_ROOT_CLASS = YES_ERROR;
				CLANG_WARN_UNREACHABLE_CODE = YES;
				CLANG_WARN__DUPLICATE_METHOD_MATCH = YES;
				CODE_SIGN_IDENTITY = "-";
				COMBINE_HIDPI_IMAGES = YES;
				COPY_PHASE_STRIP = NO;
				DEBUG_INFORMATION_FORMAT = "dwarf-with-dsym";
				ENABLE_NS_ASSERTIONS = NO;
				ENABLE_STRICT_OBJC_MSGSEND = YES;
				GCC_C_LANGUAGE_STANDARD = gnu99;
				GCC_NO_COMMON_BLOCKS = YES;
				GCC_PRECOMPILE_PREFIX_HEADER = YES;
				GCC_PREFIX_HEADER = "AMErrorTests/AMErrorTests-Mac-Prefix.pch";
				GCC_WARN_64_TO_32_BIT_CONVERSION = YES;
				GCC_WARN_ABOUT_RETURN_TYPE = YES_ERROR;
				GCC_WARN_UNDECLARED_SELECTOR = YES;
				GCC_WARN_UNINITIALIZED_AUTOS = YES_AGGRESSIVE;
				GCC_WARN_UNUSED_FUNCTION = YES;
				GCC_WARN_UNUSED_VARIABLE = YES;
				INFOPLIST_FILE = "AMErrorTests/AMError-MacTests-Info.plist";
				LD_RUNPATH_SEARCH_PATHS = "$(inherited) @executable_path/../Frameworks @loader_path/../Frameworks";
				MACOSX_DEPLOYMENT_TARGET = 10.11;
				MTL_ENABLE_DEBUG_INFO = NO;
				PRODUCT_BUNDLE_IDENTIFIER = "co.amrox.amerror.AMError-MacTests";
				PRODUCT_NAME = "$(TARGET_NAME)";
				SDKROOT = macosx;
			};
			name = Release;
		};
		B327D72E1C973B750015619A /* Debug */ = {
			isa = XCBuildConfiguration;
			baseConfigurationReference = F05349293D48437B629B3997 /* Pods-AMError-iOSTests.debug.xcconfig */;
			buildSettings = {
				ALWAYS_SEARCH_USER_PATHS = NO;
				CLANG_CXX_LANGUAGE_STANDARD = "gnu++0x";
				CLANG_CXX_LIBRARY = "libc++";
				CLANG_ENABLE_MODULES = YES;
				CLANG_ENABLE_OBJC_ARC = YES;
				CLANG_WARN_BOOL_CONVERSION = YES;
				CLANG_WARN_CONSTANT_CONVERSION = YES;
				CLANG_WARN_DIRECT_OBJC_ISA_USAGE = YES_ERROR;
				CLANG_WARN_EMPTY_BODY = YES;
				CLANG_WARN_ENUM_CONVERSION = YES;
				CLANG_WARN_INT_CONVERSION = YES;
				CLANG_WARN_OBJC_ROOT_CLASS = YES_ERROR;
				CLANG_WARN_UNREACHABLE_CODE = YES;
				CLANG_WARN__DUPLICATE_METHOD_MATCH = YES;
				"CODE_SIGN_IDENTITY[sdk=iphoneos*]" = "iPhone Developer";
				COPY_PHASE_STRIP = NO;
				DEBUG_INFORMATION_FORMAT = dwarf;
				ENABLE_STRICT_OBJC_MSGSEND = YES;
				GCC_C_LANGUAGE_STANDARD = gnu99;
				GCC_DYNAMIC_NO_PIC = NO;
				GCC_NO_COMMON_BLOCKS = YES;
				GCC_OPTIMIZATION_LEVEL = 0;
				GCC_PREFIX_HEADER = "AMErrorTests/AMErrorTests-iOS-Prefix.pch";
				GCC_PREPROCESSOR_DEFINITIONS = (
					"DEBUG=1",
					"$(inherited)",
				);
				GCC_WARN_64_TO_32_BIT_CONVERSION = YES;
				GCC_WARN_ABOUT_RETURN_TYPE = YES_ERROR;
				GCC_WARN_UNDECLARED_SELECTOR = YES;
				GCC_WARN_UNINITIALIZED_AUTOS = YES_AGGRESSIVE;
				GCC_WARN_UNUSED_FUNCTION = YES;
				GCC_WARN_UNUSED_VARIABLE = YES;
				INFOPLIST_FILE = "AMErrorTests/AMError-iOSTests-Info.plist";
				IPHONEOS_DEPLOYMENT_TARGET = 9.2;
				LD_RUNPATH_SEARCH_PATHS = "$(inherited) @executable_path/Frameworks @loader_path/Frameworks";
				MTL_ENABLE_DEBUG_INFO = YES;
				PRODUCT_BUNDLE_IDENTIFIER = "co.amrox.amerror.AMError-iOSTests";
				PRODUCT_NAME = "$(TARGET_NAME)";
				SDKROOT = iphoneos;
			};
			name = Debug;
		};
		B327D72F1C973B750015619A /* Release */ = {
			isa = XCBuildConfiguration;
			baseConfigurationReference = 0561F378AC5354A264CBAA59 /* Pods-AMError-iOSTests.release.xcconfig */;
			buildSettings = {
				ALWAYS_SEARCH_USER_PATHS = NO;
				CLANG_CXX_LANGUAGE_STANDARD = "gnu++0x";
				CLANG_CXX_LIBRARY = "libc++";
				CLANG_ENABLE_MODULES = YES;
				CLANG_ENABLE_OBJC_ARC = YES;
				CLANG_WARN_BOOL_CONVERSION = YES;
				CLANG_WARN_CONSTANT_CONVERSION = YES;
				CLANG_WARN_DIRECT_OBJC_ISA_USAGE = YES_ERROR;
				CLANG_WARN_EMPTY_BODY = YES;
				CLANG_WARN_ENUM_CONVERSION = YES;
				CLANG_WARN_INT_CONVERSION = YES;
				CLANG_WARN_OBJC_ROOT_CLASS = YES_ERROR;
				CLANG_WARN_UNREACHABLE_CODE = YES;
				CLANG_WARN__DUPLICATE_METHOD_MATCH = YES;
				"CODE_SIGN_IDENTITY[sdk=iphoneos*]" = "iPhone Developer";
				COPY_PHASE_STRIP = NO;
				DEBUG_INFORMATION_FORMAT = "dwarf-with-dsym";
				ENABLE_NS_ASSERTIONS = NO;
				ENABLE_STRICT_OBJC_MSGSEND = YES;
				GCC_C_LANGUAGE_STANDARD = gnu99;
				GCC_NO_COMMON_BLOCKS = YES;
				GCC_PREFIX_HEADER = "AMErrorTests/AMErrorTests-iOS-Prefix.pch";
				GCC_WARN_64_TO_32_BIT_CONVERSION = YES;
				GCC_WARN_ABOUT_RETURN_TYPE = YES_ERROR;
				GCC_WARN_UNDECLARED_SELECTOR = YES;
				GCC_WARN_UNINITIALIZED_AUTOS = YES_AGGRESSIVE;
				GCC_WARN_UNUSED_FUNCTION = YES;
				GCC_WARN_UNUSED_VARIABLE = YES;
				INFOPLIST_FILE = "AMErrorTests/AMError-iOSTests-Info.plist";
				IPHONEOS_DEPLOYMENT_TARGET = 9.2;
				LD_RUNPATH_SEARCH_PATHS = "$(inherited) @executable_path/Frameworks @loader_path/Frameworks";
				MTL_ENABLE_DEBUG_INFO = NO;
				PRODUCT_BUNDLE_IDENTIFIER = "co.amrox.amerror.AMError-iOSTests";
				PRODUCT_NAME = "$(TARGET_NAME)";
				SDKROOT = iphoneos;
				VALIDATE_PRODUCT = YES;
			};
			name = Release;
		};
		B363899A17E2371B00F2BBE4 /* Debug */ = {
			isa = XCBuildConfiguration;
			buildSettings = {
				ENABLE_TESTABILITY = YES;
				IPHONEOS_DEPLOYMENT_TARGET = 6.0;
				MACOSX_DEPLOYMENT_TARGET = 10.7;
				ONLY_ACTIVE_ARCH = YES;
			};
			name = Debug;
		};
		B363899B17E2371B00F2BBE4 /* Release */ = {
			isa = XCBuildConfiguration;
			buildSettings = {
				IPHONEOS_DEPLOYMENT_TARGET = 6.0;
				MACOSX_DEPLOYMENT_TARGET = 10.7;
			};
			name = Release;
		};
		B36389C517E2373A00F2BBE4 /* Debug */ = {
			isa = XCBuildConfiguration;
			buildSettings = {
				ALWAYS_SEARCH_USER_PATHS = NO;
				CLANG_CXX_LANGUAGE_STANDARD = "gnu++0x";
				CLANG_CXX_LIBRARY = "libc++";
				CLANG_ENABLE_OBJC_ARC = YES;
				CLANG_WARN_CONSTANT_CONVERSION = YES;
				CLANG_WARN_EMPTY_BODY = YES;
				CLANG_WARN_ENUM_CONVERSION = YES;
				CLANG_WARN_INT_CONVERSION = YES;
				CLANG_WARN__DUPLICATE_METHOD_MATCH = YES;
				COMBINE_HIDPI_IMAGES = YES;
				COPY_PHASE_STRIP = NO;
				GCC_C_LANGUAGE_STANDARD = gnu99;
				GCC_DYNAMIC_NO_PIC = NO;
				GCC_ENABLE_OBJC_EXCEPTIONS = YES;
				GCC_OPTIMIZATION_LEVEL = 0;
				GCC_PRECOMPILE_PREFIX_HEADER = YES;
				GCC_PREFIX_HEADER = "AMError/AMError-Mac-Prefix.pch";
				GCC_PREPROCESSOR_DEFINITIONS = (
					"DEBUG=1",
					"$(inherited)",
				);
				GCC_SYMBOLS_PRIVATE_EXTERN = NO;
				GCC_WARN_64_TO_32_BIT_CONVERSION = YES;
				GCC_WARN_ABOUT_RETURN_TYPE = YES;
				GCC_WARN_UNINITIALIZED_AUTOS = YES;
				GCC_WARN_UNUSED_VARIABLE = YES;
				MACOSX_DEPLOYMENT_TARGET = 10.8;
				ONLY_ACTIVE_ARCH = YES;
				PRODUCT_NAME = "$(TARGET_NAME)";
				SDKROOT = macosx;
				VALID_ARCHS = x86_64;
			};
			name = Debug;
		};
		B36389C617E2373A00F2BBE4 /* Release */ = {
			isa = XCBuildConfiguration;
			buildSettings = {
				ALWAYS_SEARCH_USER_PATHS = NO;
				CLANG_CXX_LANGUAGE_STANDARD = "gnu++0x";
				CLANG_CXX_LIBRARY = "libc++";
				CLANG_ENABLE_OBJC_ARC = YES;
				CLANG_WARN_CONSTANT_CONVERSION = YES;
				CLANG_WARN_EMPTY_BODY = YES;
				CLANG_WARN_ENUM_CONVERSION = YES;
				CLANG_WARN_INT_CONVERSION = YES;
				CLANG_WARN__DUPLICATE_METHOD_MATCH = YES;
				COMBINE_HIDPI_IMAGES = YES;
				COPY_PHASE_STRIP = YES;
				DEBUG_INFORMATION_FORMAT = "dwarf-with-dsym";
				GCC_C_LANGUAGE_STANDARD = gnu99;
				GCC_ENABLE_OBJC_EXCEPTIONS = YES;
				GCC_PRECOMPILE_PREFIX_HEADER = YES;
				GCC_PREFIX_HEADER = "AMError/AMError-Mac-Prefix.pch";
				GCC_WARN_64_TO_32_BIT_CONVERSION = YES;
				GCC_WARN_ABOUT_RETURN_TYPE = YES;
				GCC_WARN_UNINITIALIZED_AUTOS = YES;
				GCC_WARN_UNUSED_VARIABLE = YES;
				MACOSX_DEPLOYMENT_TARGET = 10.8;
				PRODUCT_NAME = "$(TARGET_NAME)";
				SDKROOT = macosx;
				VALID_ARCHS = x86_64;
			};
			name = Release;
		};
		B36389EF17E2375500F2BBE4 /* Debug */ = {
			isa = XCBuildConfiguration;
			buildSettings = {
				ALWAYS_SEARCH_USER_PATHS = NO;
				CLANG_CXX_LANGUAGE_STANDARD = "gnu++0x";
				CLANG_CXX_LIBRARY = "libc++";
				CLANG_ENABLE_OBJC_ARC = YES;
				CLANG_WARN_CONSTANT_CONVERSION = YES;
				CLANG_WARN_EMPTY_BODY = YES;
				CLANG_WARN_ENUM_CONVERSION = YES;
				CLANG_WARN_INT_CONVERSION = YES;
				CLANG_WARN__DUPLICATE_METHOD_MATCH = YES;
				COPY_PHASE_STRIP = NO;
				DSTROOT = /tmp/AMError_iOS.dst;
				GCC_C_LANGUAGE_STANDARD = gnu99;
				GCC_DYNAMIC_NO_PIC = NO;
				GCC_OPTIMIZATION_LEVEL = 0;
				GCC_PRECOMPILE_PREFIX_HEADER = YES;
				GCC_PREFIX_HEADER = "AMError/AMError-iOS-Prefix.pch";
				GCC_PREPROCESSOR_DEFINITIONS = (
					"DEBUG=1",
					"$(inherited)",
				);
				GCC_SYMBOLS_PRIVATE_EXTERN = NO;
				GCC_WARN_ABOUT_RETURN_TYPE = YES;
				GCC_WARN_UNINITIALIZED_AUTOS = YES;
				GCC_WARN_UNUSED_VARIABLE = YES;
				IPHONEOS_DEPLOYMENT_TARGET = 6.0;
				ONLY_ACTIVE_ARCH = YES;
				OTHER_LDFLAGS = "-ObjC";
				PRODUCT_NAME = "$(TARGET_NAME)";
				SDKROOT = iphoneos;
				SKIP_INSTALL = YES;
			};
			name = Debug;
		};
		B36389F017E2375500F2BBE4 /* Release */ = {
			isa = XCBuildConfiguration;
			buildSettings = {
				ALWAYS_SEARCH_USER_PATHS = NO;
				CLANG_CXX_LANGUAGE_STANDARD = "gnu++0x";
				CLANG_CXX_LIBRARY = "libc++";
				CLANG_ENABLE_OBJC_ARC = YES;
				CLANG_WARN_CONSTANT_CONVERSION = YES;
				CLANG_WARN_EMPTY_BODY = YES;
				CLANG_WARN_ENUM_CONVERSION = YES;
				CLANG_WARN_INT_CONVERSION = YES;
				CLANG_WARN__DUPLICATE_METHOD_MATCH = YES;
				COPY_PHASE_STRIP = YES;
				DSTROOT = /tmp/AMError_iOS.dst;
				GCC_C_LANGUAGE_STANDARD = gnu99;
				GCC_PRECOMPILE_PREFIX_HEADER = YES;
				GCC_PREFIX_HEADER = "AMError/AMError-iOS-Prefix.pch";
				GCC_WARN_ABOUT_RETURN_TYPE = YES;
				GCC_WARN_UNINITIALIZED_AUTOS = YES;
				GCC_WARN_UNUSED_VARIABLE = YES;
				IPHONEOS_DEPLOYMENT_TARGET = 6.0;
				OTHER_LDFLAGS = "-ObjC";
				PRODUCT_NAME = "$(TARGET_NAME)";
				SDKROOT = iphoneos;
				SKIP_INSTALL = YES;
				VALIDATE_PRODUCT = YES;
			};
			name = Release;
		};
/* End XCBuildConfiguration section */

/* Begin XCConfigurationList section */
		3592AD1A1D9F20A90024E326 /* Build configuration list for PBXNativeTarget "AMErroriOS" */ = {
			isa = XCConfigurationList;
			buildConfigurations = (
				3592AD181D9F20A90024E326 /* Debug */,
				3592AD191D9F20A90024E326 /* Release */,
			);
			defaultConfigurationIsVisible = 0;
			defaultConfigurationName = Release;
		};
		B31017531C973E9D007E00DC /* Build configuration list for PBXNativeTarget "AMError-MacTests" */ = {
			isa = XCConfigurationList;
			buildConfigurations = (
				B31017541C973E9D007E00DC /* Debug */,
				B31017551C973E9D007E00DC /* Release */,
			);
			defaultConfigurationIsVisible = 0;
			defaultConfigurationName = Release;
		};
		B327D7301C973B750015619A /* Build configuration list for PBXNativeTarget "AMError-iOSTests" */ = {
			isa = XCConfigurationList;
			buildConfigurations = (
				B327D72E1C973B750015619A /* Debug */,
				B327D72F1C973B750015619A /* Release */,
			);
			defaultConfigurationIsVisible = 0;
			defaultConfigurationName = Release;
		};
		B363899917E2371B00F2BBE4 /* Build configuration list for PBXProject "AMError" */ = {
			isa = XCConfigurationList;
			buildConfigurations = (
				B363899A17E2371B00F2BBE4 /* Debug */,
				B363899B17E2371B00F2BBE4 /* Release */,
			);
			defaultConfigurationIsVisible = 0;
			defaultConfigurationName = Release;
		};
		B36389C417E2373A00F2BBE4 /* Build configuration list for PBXNativeTarget "AMError-Mac" */ = {
			isa = XCConfigurationList;
			buildConfigurations = (
				B36389C517E2373A00F2BBE4 /* Debug */,
				B36389C617E2373A00F2BBE4 /* Release */,
			);
			defaultConfigurationIsVisible = 0;
			defaultConfigurationName = Release;
		};
		B36389EE17E2375500F2BBE4 /* Build configuration list for PBXNativeTarget "AMError-iOS" */ = {
			isa = XCConfigurationList;
			buildConfigurations = (
				B36389EF17E2375500F2BBE4 /* Debug */,
				B36389F017E2375500F2BBE4 /* Release */,
			);
			defaultConfigurationIsVisible = 0;
			defaultConfigurationName = Release;
		};
/* End XCConfigurationList section */
	};
	rootObject = B363899617E2371B00F2BBE4 /* Project object */;
}
